// !$*UTF8*$!
{
	archiveVersion = 1;
	classes = {
	};
	objectVersion = 51;
	objects = {

/* Begin PBXBuildFile section */
		348A3C2D85C48C7E9A2499D3 /* Pods_testTests.framework in Frameworks */ = {isa = PBXBuildFile; fileRef = 59118E94100E44B283123227 /* Pods_testTests.framework */; };
		643BAAE98EED32A942D3EAB5 /* Pods_test.framework in Frameworks */ = {isa = PBXBuildFile; fileRef = 232BB6C0277316B210ED1FAC /* Pods_test.framework */; };
		7A93828DF1953CBE51C09B73 /* Pods_test_testUITests.framework in Frameworks */ = {isa = PBXBuildFile; fileRef = 02F21616461BF7AAE7786D2A /* Pods_test_testUITests.framework */; };
		8B47B00523B5BF0000089420 /* AppDelegate.swift in Sources */ = {isa = PBXBuildFile; fileRef = 8B47B00423B5BF0000089420 /* AppDelegate.swift */; };
		8B47B00723B5BF0000089420 /* SceneDelegate.swift in Sources */ = {isa = PBXBuildFile; fileRef = 8B47B00623B5BF0000089420 /* SceneDelegate.swift */; };
		8B47B00923B5BF0000089420 /* ContentView.swift in Sources */ = {isa = PBXBuildFile; fileRef = 8B47B00823B5BF0000089420 /* ContentView.swift */; };
		8B47B00B23B5BF0200089420 /* Assets.xcassets in Resources */ = {isa = PBXBuildFile; fileRef = 8B47B00A23B5BF0200089420 /* Assets.xcassets */; };
		8B47B00E23B5BF0200089420 /* Preview Assets.xcassets in Resources */ = {isa = PBXBuildFile; fileRef = 8B47B00D23B5BF0200089420 /* Preview Assets.xcassets */; };
		8B47B01123B5BF0200089420 /* LaunchScreen.storyboard in Resources */ = {isa = PBXBuildFile; fileRef = 8B47B00F23B5BF0200089420 /* LaunchScreen.storyboard */; };
		8B47B01C23B5BF0200089420 /* testTests.swift in Sources */ = {isa = PBXBuildFile; fileRef = 8B47B01B23B5BF0200089420 /* testTests.swift */; };
		8B47B02723B5BF0200089420 /* testUITests.swift in Sources */ = {isa = PBXBuildFile; fileRef = 8B47B02623B5BF0200089420 /* testUITests.swift */; };
		8B47B03523B692A800089420 /* CSVaccessability.swift in Sources */ = {isa = PBXBuildFile; fileRef = 8B47B03423B692A800089420 /* CSVaccessability.swift */; };
		8B47B03723B692CD00089420 /* ToggleView.swift in Sources */ = {isa = PBXBuildFile; fileRef = 8B47B03623B692CD00089420 /* ToggleView.swift */; };
		8B47B03923B692E700089420 /* ListView.swift in Sources */ = {isa = PBXBuildFile; fileRef = 8B47B03823B692E700089420 /* ListView.swift */; };
		8BB0C4F423BE4CD100359C1E /* SearchBar.swift in Sources */ = {isa = PBXBuildFile; fileRef = 8BB0C4F323BE4CD100359C1E /* SearchBar.swift */; };
/* End PBXBuildFile section */

/* Begin PBXContainerItemProxy section */
		8B47B01823B5BF0200089420 /* PBXContainerItemProxy */ = {
			isa = PBXContainerItemProxy;
			containerPortal = 8B47AFF923B5BF0000089420 /* Project object */;
			proxyType = 1;
			remoteGlobalIDString = 8B47B00023B5BF0000089420;
			remoteInfo = test;
		};
		8B47B02323B5BF0200089420 /* PBXContainerItemProxy */ = {
			isa = PBXContainerItemProxy;
			containerPortal = 8B47AFF923B5BF0000089420 /* Project object */;
			proxyType = 1;
			remoteGlobalIDString = 8B47B00023B5BF0000089420;
			remoteInfo = test;
		};
/* End PBXContainerItemProxy section */

/* Begin PBXFileReference section */
		02F21616461BF7AAE7786D2A /* Pods_test_testUITests.framework */ = {isa = PBXFileReference; explicitFileType = wrapper.framework; includeInIndex = 0; path = Pods_test_testUITests.framework; sourceTree = BUILT_PRODUCTS_DIR; };
		232BB6C0277316B210ED1FAC /* Pods_test.framework */ = {isa = PBXFileReference; explicitFileType = wrapper.framework; includeInIndex = 0; path = Pods_test.framework; sourceTree = BUILT_PRODUCTS_DIR; };
		59118E94100E44B283123227 /* Pods_testTests.framework */ = {isa = PBXFileReference; explicitFileType = wrapper.framework; includeInIndex = 0; path = Pods_testTests.framework; sourceTree = BUILT_PRODUCTS_DIR; };
		6B5531DEDA2D0EE3C5F16A82 /* Pods-test-testUITests.debug.xcconfig */ = {isa = PBXFileReference; includeInIndex = 1; lastKnownFileType = text.xcconfig; name = "Pods-test-testUITests.debug.xcconfig"; path = "Target Support Files/Pods-test-testUITests/Pods-test-testUITests.debug.xcconfig"; sourceTree = "<group>"; };
		803625A7AEF4AE6ECFEBAA4A /* Pods-test.debug.xcconfig */ = {isa = PBXFileReference; includeInIndex = 1; lastKnownFileType = text.xcconfig; name = "Pods-test.debug.xcconfig"; path = "Target Support Files/Pods-test/Pods-test.debug.xcconfig"; sourceTree = "<group>"; };
		8B47B00123B5BF0000089420 /* test.app */ = {isa = PBXFileReference; explicitFileType = wrapper.application; includeInIndex = 0; path = test.app; sourceTree = BUILT_PRODUCTS_DIR; };
		8B47B00423B5BF0000089420 /* AppDelegate.swift */ = {isa = PBXFileReference; lastKnownFileType = sourcecode.swift; path = AppDelegate.swift; sourceTree = "<group>"; };
		8B47B00623B5BF0000089420 /* SceneDelegate.swift */ = {isa = PBXFileReference; lastKnownFileType = sourcecode.swift; path = SceneDelegate.swift; sourceTree = "<group>"; };
		8B47B00823B5BF0000089420 /* ContentView.swift */ = {isa = PBXFileReference; lastKnownFileType = sourcecode.swift; path = ContentView.swift; sourceTree = "<group>"; };
		8B47B00A23B5BF0200089420 /* Assets.xcassets */ = {isa = PBXFileReference; lastKnownFileType = folder.assetcatalog; path = Assets.xcassets; sourceTree = "<group>"; };
		8B47B00D23B5BF0200089420 /* Preview Assets.xcassets */ = {isa = PBXFileReference; lastKnownFileType = folder.assetcatalog; path = "Preview Assets.xcassets"; sourceTree = "<group>"; };
		8B47B01023B5BF0200089420 /* Base */ = {isa = PBXFileReference; lastKnownFileType = file.storyboard; name = Base; path = Base.lproj/LaunchScreen.storyboard; sourceTree = "<group>"; };
		8B47B01223B5BF0200089420 /* Info.plist */ = {isa = PBXFileReference; lastKnownFileType = text.plist.xml; path = Info.plist; sourceTree = "<group>"; };
		8B47B01723B5BF0200089420 /* testTests.xctest */ = {isa = PBXFileReference; explicitFileType = wrapper.cfbundle; includeInIndex = 0; path = testTests.xctest; sourceTree = BUILT_PRODUCTS_DIR; };
		8B47B01B23B5BF0200089420 /* testTests.swift */ = {isa = PBXFileReference; lastKnownFileType = sourcecode.swift; path = testTests.swift; sourceTree = "<group>"; };
		8B47B01D23B5BF0200089420 /* Info.plist */ = {isa = PBXFileReference; lastKnownFileType = text.plist.xml; path = Info.plist; sourceTree = "<group>"; };
		8B47B02223B5BF0200089420 /* testUITests.xctest */ = {isa = PBXFileReference; explicitFileType = wrapper.cfbundle; includeInIndex = 0; path = testUITests.xctest; sourceTree = BUILT_PRODUCTS_DIR; };
		8B47B02623B5BF0200089420 /* testUITests.swift */ = {isa = PBXFileReference; lastKnownFileType = sourcecode.swift; path = testUITests.swift; sourceTree = "<group>"; };
		8B47B02823B5BF0200089420 /* Info.plist */ = {isa = PBXFileReference; lastKnownFileType = text.plist.xml; path = Info.plist; sourceTree = "<group>"; };
		8B47B03423B692A800089420 /* CSVaccessability.swift */ = {isa = PBXFileReference; fileEncoding = 4; lastKnownFileType = sourcecode.swift; path = CSVaccessability.swift; sourceTree = "<group>"; };
		8B47B03623B692CD00089420 /* ToggleView.swift */ = {isa = PBXFileReference; fileEncoding = 4; lastKnownFileType = sourcecode.swift; path = ToggleView.swift; sourceTree = "<group>"; };
		8B47B03823B692E700089420 /* ListView.swift */ = {isa = PBXFileReference; fileEncoding = 4; lastKnownFileType = sourcecode.swift; path = ListView.swift; sourceTree = "<group>"; };
		8BB0C4F323BE4CD100359C1E /* SearchBar.swift */ = {isa = PBXFileReference; lastKnownFileType = sourcecode.swift; path = SearchBar.swift; sourceTree = "<group>"; };
		9B7D42DCB43E0C9962462A4A /* Pods-test.release.xcconfig */ = {isa = PBXFileReference; includeInIndex = 1; lastKnownFileType = text.xcconfig; name = "Pods-test.release.xcconfig"; path = "Target Support Files/Pods-test/Pods-test.release.xcconfig"; sourceTree = "<group>"; };
		ADB40EC5086B287ED5BBEB83 /* Pods-test-testUITests.release.xcconfig */ = {isa = PBXFileReference; includeInIndex = 1; lastKnownFileType = text.xcconfig; name = "Pods-test-testUITests.release.xcconfig"; path = "Target Support Files/Pods-test-testUITests/Pods-test-testUITests.release.xcconfig"; sourceTree = "<group>"; };
		B840FB8F4D8D3241D609FF74 /* Pods-testTests.debug.xcconfig */ = {isa = PBXFileReference; includeInIndex = 1; lastKnownFileType = text.xcconfig; name = "Pods-testTests.debug.xcconfig"; path = "Target Support Files/Pods-testTests/Pods-testTests.debug.xcconfig"; sourceTree = "<group>"; };
		FAF0E4C3EF5FAB885FA3D16C /* Pods-testTests.release.xcconfig */ = {isa = PBXFileReference; includeInIndex = 1; lastKnownFileType = text.xcconfig; name = "Pods-testTests.release.xcconfig"; path = "Target Support Files/Pods-testTests/Pods-testTests.release.xcconfig"; sourceTree = "<group>"; };
/* End PBXFileReference section */

/* Begin PBXFrameworksBuildPhase section */
		8B47AFFE23B5BF0000089420 /* Frameworks */ = {
			isa = PBXFrameworksBuildPhase;
			buildActionMask = 2147483647;
			files = (
				643BAAE98EED32A942D3EAB5 /* Pods_test.framework in Frameworks */,
			);
			runOnlyForDeploymentPostprocessing = 0;
		};
		8B47B01423B5BF0200089420 /* Frameworks */ = {
			isa = PBXFrameworksBuildPhase;
			buildActionMask = 2147483647;
			files = (
				348A3C2D85C48C7E9A2499D3 /* Pods_testTests.framework in Frameworks */,
			);
			runOnlyForDeploymentPostprocessing = 0;
		};
		8B47B01F23B5BF0200089420 /* Frameworks */ = {
			isa = PBXFrameworksBuildPhase;
			buildActionMask = 2147483647;
			files = (
				7A93828DF1953CBE51C09B73 /* Pods_test_testUITests.framework in Frameworks */,
			);
			runOnlyForDeploymentPostprocessing = 0;
		};
/* End PBXFrameworksBuildPhase section */

/* Begin PBXGroup section */
		544C8539E99C77245CAEF52C /* Frameworks */ = {
			isa = PBXGroup;
			children = (
				232BB6C0277316B210ED1FAC /* Pods_test.framework */,
				02F21616461BF7AAE7786D2A /* Pods_test_testUITests.framework */,
				59118E94100E44B283123227 /* Pods_testTests.framework */,
			);
			name = Frameworks;
			sourceTree = "<group>";
		};
		8B47AFF823B5BF0000089420 = {
			isa = PBXGroup;
			children = (
				8B47B00323B5BF0000089420 /* test */,
				8B47B01A23B5BF0200089420 /* testTests */,
				8B47B02523B5BF0200089420 /* testUITests */,
				8B47B00223B5BF0000089420 /* Products */,
				9DE5C5E8B7EB7B97CE76656E /* Pods */,
				544C8539E99C77245CAEF52C /* Frameworks */,
			);
			sourceTree = "<group>";
		};
		8B47B00223B5BF0000089420 /* Products */ = {
			isa = PBXGroup;
			children = (
				8B47B00123B5BF0000089420 /* test.app */,
				8B47B01723B5BF0200089420 /* testTests.xctest */,
				8B47B02223B5BF0200089420 /* testUITests.xctest */,
			);
			name = Products;
			sourceTree = "<group>";
		};
		8B47B00323B5BF0000089420 /* test */ = {
			isa = PBXGroup;
			children = (
				8B47B00423B5BF0000089420 /* AppDelegate.swift */,
				8B47B03423B692A800089420 /* CSVaccessability.swift */,
				8B47B03623B692CD00089420 /* ToggleView.swift */,
				8B47B03823B692E700089420 /* ListView.swift */,
				8BB0C4F323BE4CD100359C1E /* SearchBar.swift */,
				8B47B00623B5BF0000089420 /* SceneDelegate.swift */,
				8B47B00823B5BF0000089420 /* ContentView.swift */,
				8B47B00F23B5BF0200089420 /* LaunchScreen.storyboard */,
				8B47B00A23B5BF0200089420 /* Assets.xcassets */,
				8B47B01223B5BF0200089420 /* Info.plist */,
				8B47B00C23B5BF0200089420 /* Preview Content */,
			);
			path = test;
			sourceTree = "<group>";
		};
		8B47B00C23B5BF0200089420 /* Preview Content */ = {
			isa = PBXGroup;
			children = (
				8B47B00D23B5BF0200089420 /* Preview Assets.xcassets */,
			);
			path = "Preview Content";
			sourceTree = "<group>";
		};
		8B47B01A23B5BF0200089420 /* testTests */ = {
			isa = PBXGroup;
			children = (
				8B47B01B23B5BF0200089420 /* testTests.swift */,
				8B47B01D23B5BF0200089420 /* Info.plist */,
			);
			path = testTests;
			sourceTree = "<group>";
		};
		8B47B02523B5BF0200089420 /* testUITests */ = {
			isa = PBXGroup;
			children = (
				8B47B02623B5BF0200089420 /* testUITests.swift */,
				8B47B02823B5BF0200089420 /* Info.plist */,
			);
			path = testUITests;
			sourceTree = "<group>";
		};
		9DE5C5E8B7EB7B97CE76656E /* Pods */ = {
			isa = PBXGroup;
			children = (
				803625A7AEF4AE6ECFEBAA4A /* Pods-test.debug.xcconfig */,
				9B7D42DCB43E0C9962462A4A /* Pods-test.release.xcconfig */,
				6B5531DEDA2D0EE3C5F16A82 /* Pods-test-testUITests.debug.xcconfig */,
				ADB40EC5086B287ED5BBEB83 /* Pods-test-testUITests.release.xcconfig */,
				B840FB8F4D8D3241D609FF74 /* Pods-testTests.debug.xcconfig */,
				FAF0E4C3EF5FAB885FA3D16C /* Pods-testTests.release.xcconfig */,
			);
			path = Pods;
			sourceTree = "<group>";
		};
/* End PBXGroup section */

/* Begin PBXNativeTarget section */
		8B47B00023B5BF0000089420 /* test */ = {
			isa = PBXNativeTarget;
			buildConfigurationList = 8B47B02B23B5BF0200089420 /* Build configuration list for PBXNativeTarget "test" */;
			buildPhases = (
				D098DA7D3C02A07C39134AC3 /* [CP] Check Pods Manifest.lock */,
				8B47AFFD23B5BF0000089420 /* Sources */,
				8B47AFFE23B5BF0000089420 /* Frameworks */,
				8B47AFFF23B5BF0000089420 /* Resources */,
				43EE9889D4663A45DDFBCEC1 /* [CP] Embed Pods Frameworks */,
			);
			buildRules = (
			);
			dependencies = (
			);
			name = test;
			productName = test;
			productReference = 8B47B00123B5BF0000089420 /* test.app */;
			productType = "com.apple.product-type.application";
		};
		8B47B01623B5BF0200089420 /* testTests */ = {
			isa = PBXNativeTarget;
			buildConfigurationList = 8B47B02E23B5BF0200089420 /* Build configuration list for PBXNativeTarget "testTests" */;
			buildPhases = (
				7A3523B199A7124AFCB42225 /* [CP] Check Pods Manifest.lock */,
				8B47B01323B5BF0200089420 /* Sources */,
				8B47B01423B5BF0200089420 /* Frameworks */,
				8B47B01523B5BF0200089420 /* Resources */,
			);
			buildRules = (
			);
			dependencies = (
				8B47B01923B5BF0200089420 /* PBXTargetDependency */,
			);
			name = testTests;
			productName = testTests;
			productReference = 8B47B01723B5BF0200089420 /* testTests.xctest */;
			productType = "com.apple.product-type.bundle.unit-test";
		};
		8B47B02123B5BF0200089420 /* testUITests */ = {
			isa = PBXNativeTarget;
			buildConfigurationList = 8B47B03123B5BF0200089420 /* Build configuration list for PBXNativeTarget "testUITests" */;
			buildPhases = (
				58A889325F704445E5E89D87 /* [CP] Check Pods Manifest.lock */,
				8B47B01E23B5BF0200089420 /* Sources */,
				8B47B01F23B5BF0200089420 /* Frameworks */,
				8B47B02023B5BF0200089420 /* Resources */,
				8A8758FAA030D277B7E80868 /* [CP] Embed Pods Frameworks */,
			);
			buildRules = (
			);
			dependencies = (
				8B47B02423B5BF0200089420 /* PBXTargetDependency */,
			);
			name = testUITests;
			productName = testUITests;
			productReference = 8B47B02223B5BF0200089420 /* testUITests.xctest */;
			productType = "com.apple.product-type.bundle.ui-testing";
		};
/* End PBXNativeTarget section */

/* Begin PBXProject section */
		8B47AFF923B5BF0000089420 /* Project object */ = {
			isa = PBXProject;
			attributes = {
				LastSwiftUpdateCheck = 1130;
				LastUpgradeCheck = 1130;
				ORGANIZATIONNAME = developer;
				TargetAttributes = {
					8B47B00023B5BF0000089420 = {
						CreatedOnToolsVersion = 11.3;
					};
					8B47B01623B5BF0200089420 = {
						CreatedOnToolsVersion = 11.3;
						TestTargetID = 8B47B00023B5BF0000089420;
					};
					8B47B02123B5BF0200089420 = {
						CreatedOnToolsVersion = 11.3;
						TestTargetID = 8B47B00023B5BF0000089420;
					};
				};
			};
			buildConfigurationList = 8B47AFFC23B5BF0000089420 /* Build configuration list for PBXProject "test" */;
			compatibilityVersion = "Xcode 9.3";
			developmentRegion = en;
			hasScannedForEncodings = 0;
			knownRegions = (
				en,
				Base,
			);
			mainGroup = 8B47AFF823B5BF0000089420;
			productRefGroup = 8B47B00223B5BF0000089420 /* Products */;
			projectDirPath = "";
			projectRoot = "";
			targets = (
				8B47B00023B5BF0000089420 /* test */,
				8B47B01623B5BF0200089420 /* testTests */,
				8B47B02123B5BF0200089420 /* testUITests */,
			);
		};
/* End PBXProject section */

/* Begin PBXResourcesBuildPhase section */
		8B47AFFF23B5BF0000089420 /* Resources */ = {
			isa = PBXResourcesBuildPhase;
			buildActionMask = 2147483647;
			files = (
				8B47B01123B5BF0200089420 /* LaunchScreen.storyboard in Resources */,
				8B47B00E23B5BF0200089420 /* Preview Assets.xcassets in Resources */,
				8B47B00B23B5BF0200089420 /* Assets.xcassets in Resources */,
			);
			runOnlyForDeploymentPostprocessing = 0;
		};
		8B47B01523B5BF0200089420 /* Resources */ = {
			isa = PBXResourcesBuildPhase;
			buildActionMask = 2147483647;
			files = (
			);
			runOnlyForDeploymentPostprocessing = 0;
		};
		8B47B02023B5BF0200089420 /* Resources */ = {
			isa = PBXResourcesBuildPhase;
			buildActionMask = 2147483647;
			files = (
			);
			runOnlyForDeploymentPostprocessing = 0;
		};
/* End PBXResourcesBuildPhase section */

/* Begin PBXShellScriptBuildPhase section */
		43EE9889D4663A45DDFBCEC1 /* [CP] Embed Pods Frameworks */ = {
			isa = PBXShellScriptBuildPhase;
			buildActionMask = 2147483647;
			files = (
			);
			inputFileListPaths = (
				"${PODS_ROOT}/Target Support Files/Pods-test/Pods-test-frameworks-${CONFIGURATION}-input-files.xcfilelist",
			);
			name = "[CP] Embed Pods Frameworks";
			outputFileListPaths = (
				"${PODS_ROOT}/Target Support Files/Pods-test/Pods-test-frameworks-${CONFIGURATION}-output-files.xcfilelist",
			);
			runOnlyForDeploymentPostprocessing = 0;
			shellPath = /bin/sh;
			shellScript = "\"${PODS_ROOT}/Target Support Files/Pods-test/Pods-test-frameworks.sh\"\n";
			showEnvVarsInLog = 0;
		};
		58A889325F704445E5E89D87 /* [CP] Check Pods Manifest.lock */ = {
			isa = PBXShellScriptBuildPhase;
			buildActionMask = 2147483647;
			files = (
			);
			inputFileListPaths = (
			);
			inputPaths = (
				"${PODS_PODFILE_DIR_PATH}/Podfile.lock",
				"${PODS_ROOT}/Manifest.lock",
			);
			name = "[CP] Check Pods Manifest.lock";
			outputFileListPaths = (
			);
			outputPaths = (
				"$(DERIVED_FILE_DIR)/Pods-test-testUITests-checkManifestLockResult.txt",
			);
			runOnlyForDeploymentPostprocessing = 0;
			shellPath = /bin/sh;
			shellScript = "diff \"${PODS_PODFILE_DIR_PATH}/Podfile.lock\" \"${PODS_ROOT}/Manifest.lock\" > /dev/null\nif [ $? != 0 ] ; then\n    # print error to STDERR\n    echo \"error: The sandbox is not in sync with the Podfile.lock. Run 'pod install' or update your CocoaPods installation.\" >&2\n    exit 1\nfi\n# This output is used by Xcode 'outputs' to avoid re-running this script phase.\necho \"SUCCESS\" > \"${SCRIPT_OUTPUT_FILE_0}\"\n";
			showEnvVarsInLog = 0;
		};
		7A3523B199A7124AFCB42225 /* [CP] Check Pods Manifest.lock */ = {
			isa = PBXShellScriptBuildPhase;
			buildActionMask = 2147483647;
			files = (
			);
			inputFileListPaths = (
			);
			inputPaths = (
				"${PODS_PODFILE_DIR_PATH}/Podfile.lock",
				"${PODS_ROOT}/Manifest.lock",
			);
			name = "[CP] Check Pods Manifest.lock";
			outputFileListPaths = (
			);
			outputPaths = (
				"$(DERIVED_FILE_DIR)/Pods-testTests-checkManifestLockResult.txt",
			);
			runOnlyForDeploymentPostprocessing = 0;
			shellPath = /bin/sh;
			shellScript = "diff \"${PODS_PODFILE_DIR_PATH}/Podfile.lock\" \"${PODS_ROOT}/Manifest.lock\" > /dev/null\nif [ $? != 0 ] ; then\n    # print error to STDERR\n    echo \"error: The sandbox is not in sync with the Podfile.lock. Run 'pod install' or update your CocoaPods installation.\" >&2\n    exit 1\nfi\n# This output is used by Xcode 'outputs' to avoid re-running this script phase.\necho \"SUCCESS\" > \"${SCRIPT_OUTPUT_FILE_0}\"\n";
			showEnvVarsInLog = 0;
		};
		8A8758FAA030D277B7E80868 /* [CP] Embed Pods Frameworks */ = {
			isa = PBXShellScriptBuildPhase;
			buildActionMask = 2147483647;
			files = (
			);
			inputFileListPaths = (
				"${PODS_ROOT}/Target Support Files/Pods-test-testUITests/Pods-test-testUITests-frameworks-${CONFIGURATION}-input-files.xcfilelist",
			);
			name = "[CP] Embed Pods Frameworks";
			outputFileListPaths = (
				"${PODS_ROOT}/Target Support Files/Pods-test-testUITests/Pods-test-testUITests-frameworks-${CONFIGURATION}-output-files.xcfilelist",
			);
			runOnlyForDeploymentPostprocessing = 0;
			shellPath = /bin/sh;
			shellScript = "\"${PODS_ROOT}/Target Support Files/Pods-test-testUITests/Pods-test-testUITests-frameworks.sh\"\n";
			showEnvVarsInLog = 0;
		};
		D098DA7D3C02A07C39134AC3 /* [CP] Check Pods Manifest.lock */ = {
			isa = PBXShellScriptBuildPhase;
			buildActionMask = 2147483647;
			files = (
			);
			inputFileListPaths = (
			);
			inputPaths = (
				"${PODS_PODFILE_DIR_PATH}/Podfile.lock",
				"${PODS_ROOT}/Manifest.lock",
			);
			name = "[CP] Check Pods Manifest.lock";
			outputFileListPaths = (
			);
			outputPaths = (
				"$(DERIVED_FILE_DIR)/Pods-test-checkManifestLockResult.txt",
			);
			runOnlyForDeploymentPostprocessing = 0;
			shellPath = /bin/sh;
			shellScript = "diff \"${PODS_PODFILE_DIR_PATH}/Podfile.lock\" \"${PODS_ROOT}/Manifest.lock\" > /dev/null\nif [ $? != 0 ] ; then\n    # print error to STDERR\n    echo \"error: The sandbox is not in sync with the Podfile.lock. Run 'pod install' or update your CocoaPods installation.\" >&2\n    exit 1\nfi\n# This output is used by Xcode 'outputs' to avoid re-running this script phase.\necho \"SUCCESS\" > \"${SCRIPT_OUTPUT_FILE_0}\"\n";
			showEnvVarsInLog = 0;
		};
/* End PBXShellScriptBuildPhase section */

/* Begin PBXSourcesBuildPhase section */
		8B47AFFD23B5BF0000089420 /* Sources */ = {
			isa = PBXSourcesBuildPhase;
			buildActionMask = 2147483647;
			files = (
				8BB0C4F423BE4CD100359C1E /* SearchBar.swift in Sources */,
				8B47B00523B5BF0000089420 /* AppDelegate.swift in Sources */,
				8B47B03523B692A800089420 /* CSVaccessability.swift in Sources */,
				8B47B03923B692E700089420 /* ListView.swift in Sources */,
				8B47B00723B5BF0000089420 /* SceneDelegate.swift in Sources */,
				8B47B03723B692CD00089420 /* ToggleView.swift in Sources */,
				8B47B00923B5BF0000089420 /* ContentView.swift in Sources */,
			);
			runOnlyForDeploymentPostprocessing = 0;
		};
		8B47B01323B5BF0200089420 /* Sources */ = {
			isa = PBXSourcesBuildPhase;
			buildActionMask = 2147483647;
			files = (
				8B47B01C23B5BF0200089420 /* testTests.swift in Sources */,
			);
			runOnlyForDeploymentPostprocessing = 0;
		};
		8B47B01E23B5BF0200089420 /* Sources */ = {
			isa = PBXSourcesBuildPhase;
			buildActionMask = 2147483647;
			files = (
				8B47B02723B5BF0200089420 /* testUITests.swift in Sources */,
			);
			runOnlyForDeploymentPostprocessing = 0;
		};
/* End PBXSourcesBuildPhase section */

/* Begin PBXTargetDependency section */
		8B47B01923B5BF0200089420 /* PBXTargetDependency */ = {
			isa = PBXTargetDependency;
			target = 8B47B00023B5BF0000089420 /* test */;
			targetProxy = 8B47B01823B5BF0200089420 /* PBXContainerItemProxy */;
		};
		8B47B02423B5BF0200089420 /* PBXTargetDependency */ = {
			isa = PBXTargetDependency;
			target = 8B47B00023B5BF0000089420 /* test */;
			targetProxy = 8B47B02323B5BF0200089420 /* PBXContainerItemProxy */;
		};
/* End PBXTargetDependency section */

/* Begin PBXVariantGroup section */
		8B47B00F23B5BF0200089420 /* LaunchScreen.storyboard */ = {
			isa = PBXVariantGroup;
			children = (
				8B47B01023B5BF0200089420 /* Base */,
			);
			name = LaunchScreen.storyboard;
			sourceTree = "<group>";
		};
/* End PBXVariantGroup section */

/* Begin XCBuildConfiguration section */
		8B47B02923B5BF0200089420 /* Debug */ = {
			isa = XCBuildConfiguration;
			buildSettings = {
				ALWAYS_SEARCH_USER_PATHS = NO;
				CLANG_ANALYZER_NONNULL = YES;
				CLANG_ANALYZER_NUMBER_OBJECT_CONVERSION = YES_AGGRESSIVE;
				CLANG_CXX_LANGUAGE_STANDARD = "gnu++14";
				CLANG_CXX_LIBRARY = "libc++";
				CLANG_ENABLE_MODULES = YES;
				CLANG_ENABLE_OBJC_ARC = YES;
				CLANG_ENABLE_OBJC_WEAK = YES;
				CLANG_WARN_BLOCK_CAPTURE_AUTORELEASING = YES;
				CLANG_WARN_BOOL_CONVERSION = YES;
				CLANG_WARN_COMMA = YES;
				CLANG_WARN_CONSTANT_CONVERSION = YES;
				CLANG_WARN_DEPRECATED_OBJC_IMPLEMENTATIONS = YES;
				CLANG_WARN_DIRECT_OBJC_ISA_USAGE = YES_ERROR;
				CLANG_WARN_DOCUMENTATION_COMMENTS = YES;
				CLANG_WARN_EMPTY_BODY = YES;
				CLANG_WARN_ENUM_CONVERSION = YES;
				CLANG_WARN_INFINITE_RECURSION = YES;
				CLANG_WARN_INT_CONVERSION = YES;
				CLANG_WARN_NON_LITERAL_NULL_CONVERSION = YES;
				CLANG_WARN_OBJC_IMPLICIT_RETAIN_SELF = YES;
				CLANG_WARN_OBJC_LITERAL_CONVERSION = YES;
				CLANG_WARN_OBJC_ROOT_CLASS = YES_ERROR;
				CLANG_WARN_RANGE_LOOP_ANALYSIS = YES;
				CLANG_WARN_STRICT_PROTOTYPES = YES;
				CLANG_WARN_SUSPICIOUS_MOVE = YES;
				CLANG_WARN_UNGUARDED_AVAILABILITY = YES_AGGRESSIVE;
				CLANG_WARN_UNREACHABLE_CODE = YES;
				CLANG_WARN__DUPLICATE_METHOD_MATCH = YES;
				COPY_PHASE_STRIP = NO;
				DEBUG_INFORMATION_FORMAT = dwarf;
				ENABLE_STRICT_OBJC_MSGSEND = YES;
				ENABLE_TESTABILITY = YES;
				GCC_C_LANGUAGE_STANDARD = gnu11;
				GCC_DYNAMIC_NO_PIC = NO;
				GCC_NO_COMMON_BLOCKS = YES;
				GCC_OPTIMIZATION_LEVEL = 0;
				GCC_PREPROCESSOR_DEFINITIONS = (
					"DEBUG=1",
					"$(inherited)",
				);
				GCC_WARN_64_TO_32_BIT_CONVERSION = YES;
				GCC_WARN_ABOUT_RETURN_TYPE = YES_ERROR;
				GCC_WARN_UNDECLARED_SELECTOR = YES;
				GCC_WARN_UNINITIALIZED_AUTOS = YES_AGGRESSIVE;
				GCC_WARN_UNUSED_FUNCTION = YES;
				GCC_WARN_UNUSED_VARIABLE = YES;
				IPHONEOS_DEPLOYMENT_TARGET = 13.2;
				MTL_ENABLE_DEBUG_INFO = INCLUDE_SOURCE;
				MTL_FAST_MATH = YES;
				ONLY_ACTIVE_ARCH = YES;
				SDKROOT = iphoneos;
				SWIFT_ACTIVE_COMPILATION_CONDITIONS = DEBUG;
				SWIFT_OPTIMIZATION_LEVEL = "-Onone";
			};
			name = Debug;
		};
		8B47B02A23B5BF0200089420 /* Release */ = {
			isa = XCBuildConfiguration;
			buildSettings = {
				ALWAYS_SEARCH_USER_PATHS = NO;
				CLANG_ANALYZER_NONNULL = YES;
				CLANG_ANALYZER_NUMBER_OBJECT_CONVERSION = YES_AGGRESSIVE;
				CLANG_CXX_LANGUAGE_STANDARD = "gnu++14";
				CLANG_CXX_LIBRARY = "libc++";
				CLANG_ENABLE_MODULES = YES;
				CLANG_ENABLE_OBJC_ARC = YES;
				CLANG_ENABLE_OBJC_WEAK = YES;
				CLANG_WARN_BLOCK_CAPTURE_AUTORELEASING = YES;
				CLANG_WARN_BOOL_CONVERSION = YES;
				CLANG_WARN_COMMA = YES;
				CLANG_WARN_CONSTANT_CONVERSION = YES;
				CLANG_WARN_DEPRECATED_OBJC_IMPLEMENTATIONS = YES;
				CLANG_WARN_DIRECT_OBJC_ISA_USAGE = YES_ERROR;
				CLANG_WARN_DOCUMENTATION_COMMENTS = YES;
				CLANG_WARN_EMPTY_BODY = YES;
				CLANG_WARN_ENUM_CONVERSION = YES;
				CLANG_WARN_INFINITE_RECURSION = YES;
				CLANG_WARN_INT_CONVERSION = YES;
				CLANG_WARN_NON_LITERAL_NULL_CONVERSION = YES;
				CLANG_WARN_OBJC_IMPLICIT_RETAIN_SELF = YES;
				CLANG_WARN_OBJC_LITERAL_CONVERSION = YES;
				CLANG_WARN_OBJC_ROOT_CLASS = YES_ERROR;
				CLANG_WARN_RANGE_LOOP_ANALYSIS = YES;
				CLANG_WARN_STRICT_PROTOTYPES = YES;
				CLANG_WARN_SUSPICIOUS_MOVE = YES;
				CLANG_WARN_UNGUARDED_AVAILABILITY = YES_AGGRESSIVE;
				CLANG_WARN_UNREACHABLE_CODE = YES;
				CLANG_WARN__DUPLICATE_METHOD_MATCH = YES;
				COPY_PHASE_STRIP = NO;
				DEBUG_INFORMATION_FORMAT = "dwarf-with-dsym";
				ENABLE_NS_ASSERTIONS = NO;
				ENABLE_STRICT_OBJC_MSGSEND = YES;
				GCC_C_LANGUAGE_STANDARD = gnu11;
				GCC_NO_COMMON_BLOCKS = YES;
				GCC_WARN_64_TO_32_BIT_CONVERSION = YES;
				GCC_WARN_ABOUT_RETURN_TYPE = YES_ERROR;
				GCC_WARN_UNDECLARED_SELECTOR = YES;
				GCC_WARN_UNINITIALIZED_AUTOS = YES_AGGRESSIVE;
				GCC_WARN_UNUSED_FUNCTION = YES;
				GCC_WARN_UNUSED_VARIABLE = YES;
				IPHONEOS_DEPLOYMENT_TARGET = 13.2;
				MTL_ENABLE_DEBUG_INFO = NO;
				MTL_FAST_MATH = YES;
				SDKROOT = iphoneos;
				SWIFT_COMPILATION_MODE = wholemodule;
				SWIFT_OPTIMIZATION_LEVEL = "-O";
				VALIDATE_PRODUCT = YES;
			};
			name = Release;
		};
		8B47B02C23B5BF0200089420 /* Debug */ = {
			isa = XCBuildConfiguration;
			baseConfigurationReference = 803625A7AEF4AE6ECFEBAA4A /* Pods-test.debug.xcconfig */;
			buildSettings = {
				ASSETCATALOG_COMPILER_APPICON_NAME = AppIcon;
				CODE_SIGN_STYLE = Automatic;
				DEVELOPMENT_ASSET_PATHS = "\"test/Preview Content\"";
				DEVELOPMENT_TEAM = 8K6TR7WW7Q;
				ENABLE_PREVIEWS = YES;
				INFOPLIST_FILE = test/Info.plist;
				LD_RUNPATH_SEARCH_PATHS = (
					"$(inherited)",
					"@executable_path/Frameworks",
				);
				PRODUCT_BUNDLE_IDENTIFIER = com.developer.test;
				PRODUCT_NAME = "$(TARGET_NAME)";
				SWIFT_VERSION = 5.0;
				TARGETED_DEVICE_FAMILY = "1,2";
			};
			name = Debug;
		};
		8B47B02D23B5BF0200089420 /* Release */ = {
			isa = XCBuildConfiguration;
			baseConfigurationReference = 9B7D42DCB43E0C9962462A4A /* Pods-test.release.xcconfig */;
			buildSettings = {
				ASSETCATALOG_COMPILER_APPICON_NAME = AppIcon;
				CODE_SIGN_STYLE = Automatic;
				DEVELOPMENT_ASSET_PATHS = "\"test/Preview Content\"";
				DEVELOPMENT_TEAM = 8K6TR7WW7Q;
				ENABLE_PREVIEWS = YES;
				INFOPLIST_FILE = test/Info.plist;
				LD_RUNPATH_SEARCH_PATHS = (
					"$(inherited)",
					"@executable_path/Frameworks",
				);
				PRODUCT_BUNDLE_IDENTIFIER = com.developer.test;
				PRODUCT_NAME = "$(TARGET_NAME)";
				SWIFT_VERSION = 5.0;
				TARGETED_DEVICE_FAMILY = "1,2";
			};
			name = Release;
		};
		8B47B02F23B5BF0200089420 /* Debug */ = {
			isa = XCBuildConfiguration;
			baseConfigurationReference = B840FB8F4D8D3241D609FF74 /* Pods-testTests.debug.xcconfig */;
			buildSettings = {
				ALWAYS_EMBED_SWIFT_STANDARD_LIBRARIES = YES;
				BUNDLE_LOADER = "$(TEST_HOST)";
				CODE_SIGN_STYLE = Automatic;
				DEVELOPMENT_TEAM = 8K6TR7WW7Q;
				INFOPLIST_FILE = testTests/Info.plist;
				IPHONEOS_DEPLOYMENT_TARGET = 13.2;
				LD_RUNPATH_SEARCH_PATHS = (
					"$(inherited)",
					"@executable_path/Frameworks",
					"@loader_path/Frameworks",
				);
				PRODUCT_BUNDLE_IDENTIFIER = com.developer.testTests;
				PRODUCT_NAME = "$(TARGET_NAME)";
				SWIFT_VERSION = 5.0;
				TARGETED_DEVICE_FAMILY = "1,2";
				TEST_HOST = "$(BUILT_PRODUCTS_DIR)/test.app/test";
			};
			name = Debug;
		};
		8B47B03023B5BF0200089420 /* Release */ = {
			isa = XCBuildConfiguration;
			baseConfigurationReference = FAF0E4C3EF5FAB885FA3D16C /* Pods-testTests.release.xcconfig */;
			buildSettings = {
				ALWAYS_EMBED_SWIFT_STANDARD_LIBRARIES = YES;
				BUNDLE_LOADER = "$(TEST_HOST)";
				CODE_SIGN_STYLE = Automatic;
				DEVELOPMENT_TEAM = 8K6TR7WW7Q;
				INFOPLIST_FILE = testTests/Info.plist;
				IPHONEOS_DEPLOYMENT_TARGET = 13.2;
				LD_RUNPATH_SEARCH_PATHS = (
					"$(inherited)",
					"@executable_path/Frameworks",
					"@loader_path/Frameworks",
				);
				PRODUCT_BUNDLE_IDENTIFIER = com.developer.testTests;
				PRODUCT_NAME = "$(TARGET_NAME)";
				SWIFT_VERSION = 5.0;
				TARGETED_DEVICE_FAMILY = "1,2";
				TEST_HOST = "$(BUILT_PRODUCTS_DIR)/test.app/test";
			};
			name = Release;
		};
		8B47B03223B5BF0200089420 /* Debug */ = {
			isa = XCBuildConfiguration;
			baseConfigurationReference = 6B5531DEDA2D0EE3C5F16A82 /* Pods-test-testUITests.debug.xcconfig */;
			buildSettings = {
				ALWAYS_EMBED_SWIFT_STANDARD_LIBRARIES = YES;
				CODE_SIGN_STYLE = Automatic;
				DEVELOPMENT_TEAM = 8K6TR7WW7Q;
				INFOPLIST_FILE = testUITests/Info.plist;
				LD_RUNPATH_SEARCH_PATHS = (
					"$(inherited)",
					"@executable_path/Frameworks",
					"@loader_path/Frameworks",
				);
				PRODUCT_BUNDLE_IDENTIFIER = com.developer.testUITests;
				PRODUCT_NAME = "$(TARGET_NAME)";
				SWIFT_VERSION = 5.0;
				TARGETED_DEVICE_FAMILY = "1,2";
				TEST_TARGET_NAME = test;
			};
			name = Debug;
		};
		8B47B03323B5BF0200089420 /* Release */ = {
			isa = XCBuildConfiguration;
			baseConfigurationReference = ADB40EC5086B287ED5BBEB83 /* Pods-test-testUITests.release.xcconfig */;
			buildSettings = {
				ALWAYS_EMBED_SWIFT_STANDARD_LIBRARIES = YES;
				CODE_SIGN_STYLE = Automatic;
				DEVELOPMENT_TEAM = 8K6TR7WW7Q;
				INFOPLIST_FILE = testUITests/Info.plist;
				LD_RUNPATH_SEARCH_PATHS = (
					"$(inherited)",
					"@executable_path/Frameworks",
					"@loader_path/Frameworks",
				);
				PRODUCT_BUNDLE_IDENTIFIER = com.developer.testUITests;
				PRODUCT_NAME = "$(TARGET_NAME)";
				SWIFT_VERSION = 5.0;
				TARGETED_DEVICE_FAMILY = "1,2";
				TEST_TARGET_NAME = test;
			};
			name = Release;
		};
/* End XCBuildConfiguration section */

/* Begin XCConfigurationList section */
		8B47AFFC23B5BF0000089420 /* Build configuration list for PBXProject "test" */ = {
			isa = XCConfigurationList;
			buildConfigurations = (
				8B47B02923B5BF0200089420 /* Debug */,
				8B47B02A23B5BF0200089420 /* Release */,
			);
			defaultConfigurationIsVisible = 0;
			defaultConfigurationName = Release;
		};
		8B47B02B23B5BF0200089420 /* Build configuration list for PBXNativeTarget "test" */ = {
			isa = XCConfigurationList;
			buildConfigurations = (
				8B47B02C23B5BF0200089420 /* Debug */,
				8B47B02D23B5BF0200089420 /* Release */,
			);
			defaultConfigurationIsVisible = 0;
			defaultConfigurationName = Release;
		};
		8B47B02E23B5BF0200089420 /* Build configuration list for PBXNativeTarget "testTests" */ = {
			isa = XCConfigurationList;
			buildConfigurations = (
				8B47B02F23B5BF0200089420 /* Debug */,
				8B47B03023B5BF0200089420 /* Release */,
			);
			defaultConfigurationIsVisible = 0;
			defaultConfigurationName = Release;
		};
		8B47B03123B5BF0200089420 /* Build configuration list for PBXNativeTarget "testUITests" */ = {
			isa = XCConfigurationList;
			buildConfigurations = (
				8B47B03223B5BF0200089420 /* Debug */,
				8B47B03323B5BF0200089420 /* Release */,
			);
			defaultConfigurationIsVisible = 0;
			defaultConfigurationName = Release;
		};
/* End XCConfigurationList section */
	};
	rootObject = 8B47AFF923B5BF0000089420 /* Project object */;
}
